
Microsoft Visual Studio Solution File, Format Version 12.00
# Visual Studio Version 17
VisualStudioVersion = 17.13.35931.197
MinimumVisualStudioVersion = 10.0.40219.1
Project("{FAE04EC0-301F-11D3-BF4B-00C04F79EFBC}") = "CitiesWebApp", "CitiesWebApp.csproj", "{FB8BEF5A-2C61-4310-96A6-07881093E6B9}"
EndProject
Global
	GlobalSection(SolutionConfigurationPlatforms) = preSolution
		Debug|Any CPU = Debug|Any CPU
		Release|Any CPU = Release|Any CPU
	EndGlobalSection
	GlobalSection(ProjectConfigurationPlatforms) = postSolution
		{FB8BEF5A-2C61-4310-96A6-07881093E6B9}.Debug|Any CPU.ActiveCfg = Debug|Any CPU
		{FB8BEF5A-2C61-4310-96A6-07881093E6B9}.Debug|Any CPU.Build.0 = Debug|Any CPU
		{FB8BEF5A-2C61-4310-96A6-07881093E6B9}.Release|Any CPU.ActiveCfg = Release|Any CPU
		{FB8BEF5A-2C61-4310-96A6-07881093E6B9}.Release|Any CPU.Build.0 = Release|Any CPU
	EndGlobalSection
	GlobalSection(SolutionProperties) = preSolution
		HideSolutionNode = FALSE
	EndGlobalSection
	GlobalSection(ExtensibilityGlobals) = postSolution
		SolutionGuid = {AA4AD472-55F8-46C9-85F4-3743E4CCCC18}
	EndGlobalSection
EndGlobal
